// !$*UTF8*$!
{
	archiveVersion = 1;
	classes = {
	};
	objectVersion = 46;
	objects = {

/* Begin PBXBuildFile section */
		54178E281E7B72AB003C964E /* MainTabBarController.swift in Sources */ = {isa = PBXBuildFile; fileRef = 54178E271E7B72AB003C964E /* MainTabBarController.swift */; };
		54178E2A1E7B72D3003C964E /* HomeViewController.swift in Sources */ = {isa = PBXBuildFile; fileRef = 54178E291E7B72D3003C964E /* HomeViewController.swift */; };
		54178E2C1E7B72E7003C964E /* DiscoverViewController.swift in Sources */ = {isa = PBXBuildFile; fileRef = 54178E2B1E7B72E7003C964E /* DiscoverViewController.swift */; };
		54178E2E1E7B72F3003C964E /* MessageViewController.swift in Sources */ = {isa = PBXBuildFile; fileRef = 54178E2D1E7B72F3003C964E /* MessageViewController.swift */; };
		54178E301E7B7300003C964E /* ProfileViewController.swift in Sources */ = {isa = PBXBuildFile; fileRef = 54178E2F1E7B7300003C964E /* ProfileViewController.swift */; };
		54178E331E7B7E88003C964E /* MainVCSettings.json in Resources */ = {isa = PBXBuildFile; fileRef = 54178E321E7B7E88003C964E /* MainVCSettings.json */; };
		54178E351E7B8D13003C964E /* Home.storyboard in Resources */ = {isa = PBXBuildFile; fileRef = 54178E341E7B8D13003C964E /* Home.storyboard */; };
		54178E371E7B8D3F003C964E /* Discover.storyboard in Resources */ = {isa = PBXBuildFile; fileRef = 54178E361E7B8D3F003C964E /* Discover.storyboard */; };
		54178E391E7B8D57003C964E /* Message.storyboard in Resources */ = {isa = PBXBuildFile; fileRef = 54178E381E7B8D57003C964E /* Message.storyboard */; };
		54178E3E1E7B92BB003C964E /* Profile.storyboard in Resources */ = {isa = PBXBuildFile; fileRef = 54178E3D1E7B92BB003C964E /* Profile.storyboard */; };
		54178E431E7B93BA003C964E /* Null.storyboard in Resources */ = {isa = PBXBuildFile; fileRef = 54178E421E7B93BA003C964E /* Null.storyboard */; };
		54178E471E7BB63C003C964E /* UIButton+Extension.swift in Sources */ = {isa = PBXBuildFile; fileRef = 54178E461E7BB63C003C964E /* UIButton+Extension.swift */; };
		54178E6C1E7BD6DD003C964E /* BaseTableViewController.swift in Sources */ = {isa = PBXBuildFile; fileRef = 54178E6B1E7BD6DD003C964E /* BaseTableViewController.swift */; };
		54178E6E1E7BD8B5003C964E /* VisitorView.swift in Sources */ = {isa = PBXBuildFile; fileRef = 54178E6D1E7BD8B5003C964E /* VisitorView.swift */; };
		54178E701E7BD8F6003C964E /* VisitorView.xib in Resources */ = {isa = PBXBuildFile; fileRef = 54178E6F1E7BD8F6003C964E /* VisitorView.xib */; };
		5425C2231E7F7FFC00759428 /* UIBarButtonItem+Extension.swift in Sources */ = {isa = PBXBuildFile; fileRef = 5425C2221E7F7FFC00759428 /* UIBarButtonItem+Extension.swift */; };
		5425C2251E7FA8B200759428 /* CustomTitleButton.swift in Sources */ = {isa = PBXBuildFile; fileRef = 5425C2241E7FA8B200759428 /* CustomTitleButton.swift */; };
		544B7BA51E9726D6000BE472 /* PopoverViewController.swift in Sources */ = {isa = PBXBuildFile; fileRef = 544B7BA31E9726D6000BE472 /* PopoverViewController.swift */; };
		544B7BA61E9726D6000BE472 /* PopoverViewController.xib in Resources */ = {isa = PBXBuildFile; fileRef = 544B7BA41E9726D6000BE472 /* PopoverViewController.xib */; };
		545933B51EA6F2760065B2B3 /* CustomPresentationController.swift in Sources */ = {isa = PBXBuildFile; fileRef = 545933B41EA6F2760065B2B3 /* CustomPresentationController.swift */; };
		545933B71EA6FAB20065B2B3 /* NetworkTools.swift in Sources */ = {isa = PBXBuildFile; fileRef = 545933B61EA6FAB20065B2B3 /* NetworkTools.swift */; };
		545933BB1EA75EBC0065B2B3 /* OAuthViewController.swift in Sources */ = {isa = PBXBuildFile; fileRef = 545933B91EA75EBC0065B2B3 /* OAuthViewController.swift */; };
		545933BC1EA75EBC0065B2B3 /* OAuthViewController.xib in Resources */ = {isa = PBXBuildFile; fileRef = 545933BA1EA75EBC0065B2B3 /* OAuthViewController.xib */; };
		545933BE1EA764C90065B2B3 /* AppConfig.swift in Sources */ = {isa = PBXBuildFile; fileRef = 545933BD1EA764C90065B2B3 /* AppConfig.swift */; };
		5499CA8E1EA84518003A9D24 /* WelcomeViewController.swift in Sources */ = {isa = PBXBuildFile; fileRef = 5499CA8C1EA84518003A9D24 /* WelcomeViewController.swift */; };
		5499CA8F1EA84518003A9D24 /* WelcomeViewController.xib in Resources */ = {isa = PBXBuildFile; fileRef = 5499CA8D1EA84518003A9D24 /* WelcomeViewController.xib */; };
		54C34B2C1E7AC4480085DF09 /* AppDelegate.swift in Sources */ = {isa = PBXBuildFile; fileRef = 54C34B2B1E7AC4480085DF09 /* AppDelegate.swift */; };
		54C34B311E7AC4480085DF09 /* Main.storyboard in Resources */ = {isa = PBXBuildFile; fileRef = 54C34B2F1E7AC4480085DF09 /* Main.storyboard */; };
		54C34B331E7AC4480085DF09 /* Assets.xcassets in Resources */ = {isa = PBXBuildFile; fileRef = 54C34B321E7AC4480085DF09 /* Assets.xcassets */; };
		54C34B361E7AC4480085DF09 /* LaunchScreen.storyboard in Resources */ = {isa = PBXBuildFile; fileRef = 54C34B341E7AC4480085DF09 /* LaunchScreen.storyboard */; };
		54CAB1C71EA7AD5200447C32 /* UserAccountViewModel.swift in Sources */ = {isa = PBXBuildFile; fileRef = 54CAB1C61EA7AD5200447C32 /* UserAccountViewModel.swift */; };
		54FA83051EA78CE800E09791 /* UserAccount.swift in Sources */ = {isa = PBXBuildFile; fileRef = 54FA83041EA78CE800E09791 /* UserAccount.swift */; };
		54FC9E041EA8658F008793AA /* StatusesModel.swift in Sources */ = {isa = PBXBuildFile; fileRef = 54FC9E031EA8658F008793AA /* StatusesModel.swift */; };
		54FC9E061EA87267008793AA /* UserModel.swift in Sources */ = {isa = PBXBuildFile; fileRef = 54FC9E051EA87267008793AA /* UserModel.swift */; };
		54FC9E081EA8A2FE008793AA /* StatusesViewModel.swift in Sources */ = {isa = PBXBuildFile; fileRef = 54FC9E071EA8A2FE008793AA /* StatusesViewModel.swift */; };
		54FC9E0A1EA8AE0A008793AA /* HomeTableViewCell.swift in Sources */ = {isa = PBXBuildFile; fileRef = 54FC9E091EA8AE0A008793AA /* HomeTableViewCell.swift */; };
		54FC9E0E1EA99D3F008793AA /* PicCollection.swift in Sources */ = {isa = PBXBuildFile; fileRef = 54FC9E0D1EA99D3F008793AA /* PicCollection.swift */; };
		E79206376F3BF79A40A9453F /* Pods_WDKWeiBo.framework in Frameworks */ = {isa = PBXBuildFile; fileRef = 9062884FE08FCE78044A92F8 /* Pods_WDKWeiBo.framework */; };
/* End PBXBuildFile section */

/* Begin PBXFileReference section */
		54178E271E7B72AB003C964E /* MainTabBarController.swift */ = {isa = PBXFileReference; fileEncoding = 4; lastKnownFileType = sourcecode.swift; path = MainTabBarController.swift; sourceTree = "<group>"; };
		54178E291E7B72D3003C964E /* HomeViewController.swift */ = {isa = PBXFileReference; fileEncoding = 4; lastKnownFileType = sourcecode.swift; path = HomeViewController.swift; sourceTree = "<group>"; };
		54178E2B1E7B72E7003C964E /* DiscoverViewController.swift */ = {isa = PBXFileReference; fileEncoding = 4; lastKnownFileType = sourcecode.swift; path = DiscoverViewController.swift; sourceTree = "<group>"; };
		54178E2D1E7B72F3003C964E /* MessageViewController.swift */ = {isa = PBXFileReference; fileEncoding = 4; lastKnownFileType = sourcecode.swift; path = MessageViewController.swift; sourceTree = "<group>"; };
		54178E2F1E7B7300003C964E /* ProfileViewController.swift */ = {isa = PBXFileReference; fileEncoding = 4; lastKnownFileType = sourcecode.swift; path = ProfileViewController.swift; sourceTree = "<group>"; };
		54178E321E7B7E88003C964E /* MainVCSettings.json */ = {isa = PBXFileReference; fileEncoding = 4; lastKnownFileType = text.json; path = MainVCSettings.json; sourceTree = "<group>"; };
		54178E341E7B8D13003C964E /* Home.storyboard */ = {isa = PBXFileReference; fileEncoding = 4; lastKnownFileType = file.storyboard; path = Home.storyboard; sourceTree = "<group>"; };
		54178E361E7B8D3F003C964E /* Discover.storyboard */ = {isa = PBXFileReference; fileEncoding = 4; lastKnownFileType = file.storyboard; path = Discover.storyboard; sourceTree = "<group>"; };
		54178E381E7B8D57003C964E /* Message.storyboard */ = {isa = PBXFileReference; fileEncoding = 4; lastKnownFileType = file.storyboard; path = Message.storyboard; sourceTree = "<group>"; };
		54178E3D1E7B92BB003C964E /* Profile.storyboard */ = {isa = PBXFileReference; fileEncoding = 4; lastKnownFileType = file.storyboard; path = Profile.storyboard; sourceTree = "<group>"; };
		54178E421E7B93BA003C964E /* Null.storyboard */ = {isa = PBXFileReference; fileEncoding = 4; lastKnownFileType = file.storyboard; path = Null.storyboard; sourceTree = "<group>"; };
		54178E461E7BB63C003C964E /* UIButton+Extension.swift */ = {isa = PBXFileReference; fileEncoding = 4; lastKnownFileType = sourcecode.swift; path = "UIButton+Extension.swift"; sourceTree = "<group>"; };
		54178E6B1E7BD6DD003C964E /* BaseTableViewController.swift */ = {isa = PBXFileReference; fileEncoding = 4; lastKnownFileType = sourcecode.swift; path = BaseTableViewController.swift; sourceTree = "<group>"; };
		54178E6D1E7BD8B5003C964E /* VisitorView.swift */ = {isa = PBXFileReference; fileEncoding = 4; lastKnownFileType = sourcecode.swift; path = VisitorView.swift; sourceTree = "<group>"; };
		54178E6F1E7BD8F6003C964E /* VisitorView.xib */ = {isa = PBXFileReference; fileEncoding = 4; lastKnownFileType = file.xib; path = VisitorView.xib; sourceTree = "<group>"; };
		5425C2221E7F7FFC00759428 /* UIBarButtonItem+Extension.swift */ = {isa = PBXFileReference; fileEncoding = 4; lastKnownFileType = sourcecode.swift; path = "UIBarButtonItem+Extension.swift"; sourceTree = "<group>"; };
		5425C2241E7FA8B200759428 /* CustomTitleButton.swift */ = {isa = PBXFileReference; fileEncoding = 4; lastKnownFileType = sourcecode.swift; path = CustomTitleButton.swift; sourceTree = "<group>"; };
		544B7BA31E9726D6000BE472 /* PopoverViewController.swift */ = {isa = PBXFileReference; fileEncoding = 4; lastKnownFileType = sourcecode.swift; path = PopoverViewController.swift; sourceTree = "<group>"; };
		544B7BA41E9726D6000BE472 /* PopoverViewController.xib */ = {isa = PBXFileReference; fileEncoding = 4; lastKnownFileType = file.xib; path = PopoverViewController.xib; sourceTree = "<group>"; };
		545933B41EA6F2760065B2B3 /* CustomPresentationController.swift */ = {isa = PBXFileReference; fileEncoding = 4; lastKnownFileType = sourcecode.swift; path = CustomPresentationController.swift; sourceTree = "<group>"; };
		545933B61EA6FAB20065B2B3 /* NetworkTools.swift */ = {isa = PBXFileReference; fileEncoding = 4; lastKnownFileType = sourcecode.swift; path = NetworkTools.swift; sourceTree = "<group>"; };
		545933B91EA75EBC0065B2B3 /* OAuthViewController.swift */ = {isa = PBXFileReference; fileEncoding = 4; lastKnownFileType = sourcecode.swift; path = OAuthViewController.swift; sourceTree = "<group>"; };
		545933BA1EA75EBC0065B2B3 /* OAuthViewController.xib */ = {isa = PBXFileReference; fileEncoding = 4; lastKnownFileType = file.xib; path = OAuthViewController.xib; sourceTree = "<group>"; };
		545933BD1EA764C90065B2B3 /* AppConfig.swift */ = {isa = PBXFileReference; fileEncoding = 4; lastKnownFileType = sourcecode.swift; path = AppConfig.swift; sourceTree = "<group>"; };
		5499CA8C1EA84518003A9D24 /* WelcomeViewController.swift */ = {isa = PBXFileReference; fileEncoding = 4; lastKnownFileType = sourcecode.swift; path = WelcomeViewController.swift; sourceTree = "<group>"; };
		5499CA8D1EA84518003A9D24 /* WelcomeViewController.xib */ = {isa = PBXFileReference; fileEncoding = 4; lastKnownFileType = file.xib; path = WelcomeViewController.xib; sourceTree = "<group>"; };
		54C34B281E7AC4480085DF09 /* WDKWeiBo.app */ = {isa = PBXFileReference; explicitFileType = wrapper.application; includeInIndex = 0; path = WDKWeiBo.app; sourceTree = BUILT_PRODUCTS_DIR; };
		54C34B2B1E7AC4480085DF09 /* AppDelegate.swift */ = {isa = PBXFileReference; lastKnownFileType = sourcecode.swift; path = AppDelegate.swift; sourceTree = "<group>"; };
		54C34B301E7AC4480085DF09 /* Base */ = {isa = PBXFileReference; lastKnownFileType = file.storyboard; name = Base; path = Base.lproj/Main.storyboard; sourceTree = "<group>"; };
		54C34B321E7AC4480085DF09 /* Assets.xcassets */ = {isa = PBXFileReference; lastKnownFileType = folder.assetcatalog; path = Assets.xcassets; sourceTree = "<group>"; };
		54C34B351E7AC4480085DF09 /* Base */ = {isa = PBXFileReference; lastKnownFileType = file.storyboard; name = Base; path = Base.lproj/LaunchScreen.storyboard; sourceTree = "<group>"; };
		54C34B371E7AC4480085DF09 /* Info.plist */ = {isa = PBXFileReference; lastKnownFileType = text.plist.xml; path = Info.plist; sourceTree = "<group>"; };
		54CAB1C61EA7AD5200447C32 /* UserAccountViewModel.swift */ = {isa = PBXFileReference; fileEncoding = 4; lastKnownFileType = sourcecode.swift; path = UserAccountViewModel.swift; sourceTree = "<group>"; };
		54FA83041EA78CE800E09791 /* UserAccount.swift */ = {isa = PBXFileReference; fileEncoding = 4; lastKnownFileType = sourcecode.swift; path = UserAccount.swift; sourceTree = "<group>"; };
		54FC9E031EA8658F008793AA /* StatusesModel.swift */ = {isa = PBXFileReference; fileEncoding = 4; lastKnownFileType = sourcecode.swift; path = StatusesModel.swift; sourceTree = "<group>"; };
		54FC9E051EA87267008793AA /* UserModel.swift */ = {isa = PBXFileReference; fileEncoding = 4; lastKnownFileType = sourcecode.swift; path = UserModel.swift; sourceTree = "<group>"; };
		54FC9E071EA8A2FE008793AA /* StatusesViewModel.swift */ = {isa = PBXFileReference; fileEncoding = 4; lastKnownFileType = sourcecode.swift; path = StatusesViewModel.swift; sourceTree = "<group>"; };
		54FC9E091EA8AE0A008793AA /* HomeTableViewCell.swift */ = {isa = PBXFileReference; fileEncoding = 4; lastKnownFileType = sourcecode.swift; path = HomeTableViewCell.swift; sourceTree = "<group>"; };
		54FC9E0D1EA99D3F008793AA /* PicCollection.swift */ = {isa = PBXFileReference; fileEncoding = 4; lastKnownFileType = sourcecode.swift; path = PicCollection.swift; sourceTree = "<group>"; };
		723D33C8EA27863DD1A36131 /* Pods-WDKWeiBo.debug.xcconfig */ = {isa = PBXFileReference; includeInIndex = 1; lastKnownFileType = text.xcconfig; name = "Pods-WDKWeiBo.debug.xcconfig"; path = "Pods/Target Support Files/Pods-WDKWeiBo/Pods-WDKWeiBo.debug.xcconfig"; sourceTree = "<group>"; };
		9062884FE08FCE78044A92F8 /* Pods_WDKWeiBo.framework */ = {isa = PBXFileReference; explicitFileType = wrapper.framework; includeInIndex = 0; path = Pods_WDKWeiBo.framework; sourceTree = BUILT_PRODUCTS_DIR; };
		B791D06112BD956405DE6A1B /* Pods-WDKWeiBo.release.xcconfig */ = {isa = PBXFileReference; includeInIndex = 1; lastKnownFileType = text.xcconfig; name = "Pods-WDKWeiBo.release.xcconfig"; path = "Pods/Target Support Files/Pods-WDKWeiBo/Pods-WDKWeiBo.release.xcconfig"; sourceTree = "<group>"; };
/* End PBXFileReference section */

/* Begin PBXFrameworksBuildPhase section */
		54C34B251E7AC4480085DF09 /* Frameworks */ = {
			isa = PBXFrameworksBuildPhase;
			buildActionMask = 2147483647;
			files = (
				E79206376F3BF79A40A9453F /* Pods_WDKWeiBo.framework in Frameworks */,
			);
			runOnlyForDeploymentPostprocessing = 0;
		};
/* End PBXFrameworksBuildPhase section */

/* Begin PBXGroup section */
		2505C3702D117C54231C3C45 /* Pods */ = {
			isa = PBXGroup;
			children = (
				723D33C8EA27863DD1A36131 /* Pods-WDKWeiBo.debug.xcconfig */,
				B791D06112BD956405DE6A1B /* Pods-WDKWeiBo.release.xcconfig */,
			);
			name = Pods;
			sourceTree = "<group>";
		};
		5406CF2F1E7AD47D00788B62 /* Classes */ = {
			isa = PBXGroup;
			children = (
				54178E6A1E7BD6CA003C964E /* Base */,
				54178E441E7BB62C003C964E /* Tools */,
				54178E311E7B7E88003C964E /* Resource */,
				5406CF321E7AD47D00788B62 /* Main */,
				5406CF311E7AD47D00788B62 /* Home */,
				5406CF301E7AD47D00788B62 /* Discover */,
				5406CF331E7AD47D00788B62 /* Message */,
				5406CF341E7AD47D00788B62 /* Profile */,
			);
			path = Classes;
			sourceTree = "<group>";
		};
		5406CF301E7AD47D00788B62 /* Discover */ = {
			isa = PBXGroup;
			children = (
				54178E361E7B8D3F003C964E /* Discover.storyboard */,
				54178E2B1E7B72E7003C964E /* DiscoverViewController.swift */,
			);
			path = Discover;
			sourceTree = "<group>";
		};
		5406CF311E7AD47D00788B62 /* Home */ = {
			isa = PBXGroup;
			children = (
				54FC9E021EA8654B008793AA /* HomeModel */,
				5499CA8B1EA84505003A9D24 /* Welcome */,
				544B7BA21E9726C7000BE472 /* UIPopover */,
				54178E341E7B8D13003C964E /* Home.storyboard */,
				54178E291E7B72D3003C964E /* HomeViewController.swift */,
				54FC9E091EA8AE0A008793AA /* HomeTableViewCell.swift */,
				54FC9E0D1EA99D3F008793AA /* PicCollection.swift */,
				5425C2241E7FA8B200759428 /* CustomTitleButton.swift */,
			);
			path = Home;
			sourceTree = "<group>";
		};
		5406CF321E7AD47D00788B62 /* Main */ = {
			isa = PBXGroup;
			children = (
				545933B81EA75EAC0065B2B3 /* OAuth */,
				54178E271E7B72AB003C964E /* MainTabBarController.swift */,
				54178E6D1E7BD8B5003C964E /* VisitorView.swift */,
				54178E6F1E7BD8F6003C964E /* VisitorView.xib */,
			);
			path = Main;
			sourceTree = "<group>";
		};
		5406CF331E7AD47D00788B62 /* Message */ = {
			isa = PBXGroup;
			children = (
				54178E381E7B8D57003C964E /* Message.storyboard */,
				54178E2D1E7B72F3003C964E /* MessageViewController.swift */,
			);
			path = Message;
			sourceTree = "<group>";
		};
		5406CF341E7AD47D00788B62 /* Profile */ = {
			isa = PBXGroup;
			children = (
				54178E3D1E7B92BB003C964E /* Profile.storyboard */,
				54178E2F1E7B7300003C964E /* ProfileViewController.swift */,
			);
			path = Profile;
			sourceTree = "<group>";
		};
		54178E311E7B7E88003C964E /* Resource */ = {
			isa = PBXGroup;
			children = (
				54178E321E7B7E88003C964E /* MainVCSettings.json */,
			);
			path = Resource;
			sourceTree = "<group>";
		};
		54178E441E7BB62C003C964E /* Tools */ = {
			isa = PBXGroup;
			children = (
				54178E451E7BB62C003C964E /* Category */,
				545933B61EA6FAB20065B2B3 /* NetworkTools.swift */,
				54FA83041EA78CE800E09791 /* UserAccount.swift */,
				54CAB1C61EA7AD5200447C32 /* UserAccountViewModel.swift */,
			);
			path = Tools;
			sourceTree = "<group>";
		};
		54178E451E7BB62C003C964E /* Category */ = {
			isa = PBXGroup;
			children = (
				54178E461E7BB63C003C964E /* UIButton+Extension.swift */,
				5425C2221E7F7FFC00759428 /* UIBarButtonItem+Extension.swift */,
			);
			path = Category;
			sourceTree = "<group>";
		};
		54178E6A1E7BD6CA003C964E /* Base */ = {
			isa = PBXGroup;
			children = (
				54178E6B1E7BD6DD003C964E /* BaseTableViewController.swift */,
				545933BD1EA764C90065B2B3 /* AppConfig.swift */,
			);
			path = Base;
			sourceTree = "<group>";
		};
		544B7BA21E9726C7000BE472 /* UIPopover */ = {
			isa = PBXGroup;
			children = (
				544B7BA31E9726D6000BE472 /* PopoverViewController.swift */,
				544B7BA41E9726D6000BE472 /* PopoverViewController.xib */,
				545933B41EA6F2760065B2B3 /* CustomPresentationController.swift */,
			);
			path = UIPopover;
			sourceTree = "<group>";
		};
		545933B81EA75EAC0065B2B3 /* OAuth */ = {
			isa = PBXGroup;
			children = (
				545933B91EA75EBC0065B2B3 /* OAuthViewController.swift */,
				545933BA1EA75EBC0065B2B3 /* OAuthViewController.xib */,
			);
			path = OAuth;
			sourceTree = "<group>";
		};
		5499CA8B1EA84505003A9D24 /* Welcome */ = {
			isa = PBXGroup;
			children = (
				5499CA8C1EA84518003A9D24 /* WelcomeViewController.swift */,
				5499CA8D1EA84518003A9D24 /* WelcomeViewController.xib */,
			);
			path = Welcome;
			sourceTree = "<group>";
		};
		54C34B1F1E7AC4480085DF09 = {
			isa = PBXGroup;
			children = (
				54C34B2A1E7AC4480085DF09 /* WDKWeiBo */,
				54C34B291E7AC4480085DF09 /* Products */,
				2505C3702D117C54231C3C45 /* Pods */,
				B9DA7CB4FE9939960D8269B0 /* Frameworks */,
			);
			sourceTree = "<group>";
		};
		54C34B291E7AC4480085DF09 /* Products */ = {
			isa = PBXGroup;
			children = (
				54C34B281E7AC4480085DF09 /* WDKWeiBo.app */,
			);
			name = Products;
			sourceTree = "<group>";
		};
		54C34B2A1E7AC4480085DF09 /* WDKWeiBo */ = {
			isa = PBXGroup;
			children = (
				5406CF2F1E7AD47D00788B62 /* Classes */,
				54C34B2B1E7AC4480085DF09 /* AppDelegate.swift */,
				54178E421E7B93BA003C964E /* Null.storyboard */,
				54C34B2F1E7AC4480085DF09 /* Main.storyboard */,
				54C34B321E7AC4480085DF09 /* Assets.xcassets */,
				54C34B341E7AC4480085DF09 /* LaunchScreen.storyboard */,
				54C34B371E7AC4480085DF09 /* Info.plist */,
			);
			path = WDKWeiBo;
			sourceTree = "<group>";
		};
		54FC9E021EA8654B008793AA /* HomeModel */ = {
			isa = PBXGroup;
			children = (
				54FC9E031EA8658F008793AA /* StatusesModel.swift */,
				54FC9E051EA87267008793AA /* UserModel.swift */,
				54FC9E071EA8A2FE008793AA /* StatusesViewModel.swift */,
			);
			path = HomeModel;
			sourceTree = "<group>";
		};
		B9DA7CB4FE9939960D8269B0 /* Frameworks */ = {
			isa = PBXGroup;
			children = (
				9062884FE08FCE78044A92F8 /* Pods_WDKWeiBo.framework */,
			);
			name = Frameworks;
			sourceTree = "<group>";
		};
/* End PBXGroup section */

/* Begin PBXNativeTarget section */
		54C34B271E7AC4480085DF09 /* WDKWeiBo */ = {
			isa = PBXNativeTarget;
			buildConfigurationList = 54C34B3A1E7AC4480085DF09 /* Build configuration list for PBXNativeTarget "WDKWeiBo" */;
			buildPhases = (
				1359E525F366F65D65BAA025 /* [CP] Check Pods Manifest.lock */,
				54C34B241E7AC4480085DF09 /* Sources */,
				54C34B251E7AC4480085DF09 /* Frameworks */,
				54C34B261E7AC4480085DF09 /* Resources */,
				E28B5E46F8CC471C3DB71799 /* [CP] Embed Pods Frameworks */,
				5B6A1F119D504AD0C65600E7 /* [CP] Copy Pods Resources */,
			);
			buildRules = (
			);
			dependencies = (
			);
			name = WDKWeiBo;
			productName = WDKWeiBo;
			productReference = 54C34B281E7AC4480085DF09 /* WDKWeiBo.app */;
			productType = "com.apple.product-type.application";
		};
/* End PBXNativeTarget section */

/* Begin PBXProject section */
		54C34B201E7AC4480085DF09 /* Project object */ = {
			isa = PBXProject;
			attributes = {
				LastSwiftUpdateCheck = 0820;
				LastUpgradeCheck = 0820;
				ORGANIZATIONNAME = "王东开";
				TargetAttributes = {
					54C34B271E7AC4480085DF09 = {
						CreatedOnToolsVersion = 8.2.1;
						DevelopmentTeam = 923KR76TZ3;
						ProvisioningStyle = Automatic;
					};
				};
			};
			buildConfigurationList = 54C34B231E7AC4480085DF09 /* Build configuration list for PBXProject "WDKWeiBo" */;
			compatibilityVersion = "Xcode 3.2";
			developmentRegion = English;
			hasScannedForEncodings = 0;
			knownRegions = (
				en,
				Base,
			);
			mainGroup = 54C34B1F1E7AC4480085DF09;
			productRefGroup = 54C34B291E7AC4480085DF09 /* Products */;
			projectDirPath = "";
			projectRoot = "";
			targets = (
				54C34B271E7AC4480085DF09 /* WDKWeiBo */,
			);
		};
/* End PBXProject section */

/* Begin PBXResourcesBuildPhase section */
		54C34B261E7AC4480085DF09 /* Resources */ = {
			isa = PBXResourcesBuildPhase;
			buildActionMask = 2147483647;
			files = (
				54C34B361E7AC4480085DF09 /* LaunchScreen.storyboard in Resources */,
				54178E701E7BD8F6003C964E /* VisitorView.xib in Resources */,
				54178E351E7B8D13003C964E /* Home.storyboard in Resources */,
				5499CA8F1EA84518003A9D24 /* WelcomeViewController.xib in Resources */,
				54178E3E1E7B92BB003C964E /* Profile.storyboard in Resources */,
				545933BC1EA75EBC0065B2B3 /* OAuthViewController.xib in Resources */,
				54C34B331E7AC4480085DF09 /* Assets.xcassets in Resources */,
				54178E331E7B7E88003C964E /* MainVCSettings.json in Resources */,
				544B7BA61E9726D6000BE472 /* PopoverViewController.xib in Resources */,
				54178E431E7B93BA003C964E /* Null.storyboard in Resources */,
				54C34B311E7AC4480085DF09 /* Main.storyboard in Resources */,
				54178E371E7B8D3F003C964E /* Discover.storyboard in Resources */,
				54178E391E7B8D57003C964E /* Message.storyboard in Resources */,
			);
			runOnlyForDeploymentPostprocessing = 0;
		};
/* End PBXResourcesBuildPhase section */

/* Begin PBXShellScriptBuildPhase section */
		1359E525F366F65D65BAA025 /* [CP] Check Pods Manifest.lock */ = {
			isa = PBXShellScriptBuildPhase;
			buildActionMask = 2147483647;
			files = (
			);
			inputPaths = (
			);
			name = "[CP] Check Pods Manifest.lock";
			outputPaths = (
			);
			runOnlyForDeploymentPostprocessing = 0;
			shellPath = /bin/sh;
			shellScript = "diff \"${PODS_ROOT}/../Podfile.lock\" \"${PODS_ROOT}/Manifest.lock\" > /dev/null\nif [ $? != 0 ] ; then\n    # print error to STDERR\n    echo \"error: The sandbox is not in sync with the Podfile.lock. Run 'pod install' or update your CocoaPods installation.\" >&2\n    exit 1\nfi\n";
			showEnvVarsInLog = 0;
		};
		5B6A1F119D504AD0C65600E7 /* [CP] Copy Pods Resources */ = {
			isa = PBXShellScriptBuildPhase;
			buildActionMask = 2147483647;
			files = (
			);
			inputPaths = (
			);
			name = "[CP] Copy Pods Resources";
			outputPaths = (
			);
			runOnlyForDeploymentPostprocessing = 0;
			shellPath = /bin/sh;
			shellScript = "\"${SRCROOT}/Pods/Target Support Files/Pods-WDKWeiBo/Pods-WDKWeiBo-resources.sh\"\n";
			showEnvVarsInLog = 0;
		};
		E28B5E46F8CC471C3DB71799 /* [CP] Embed Pods Frameworks */ = {
			isa = PBXShellScriptBuildPhase;
			buildActionMask = 2147483647;
			files = (
			);
			inputPaths = (
			);
			name = "[CP] Embed Pods Frameworks";
			outputPaths = (
			);
			runOnlyForDeploymentPostprocessing = 0;
			shellPath = /bin/sh;
			shellScript = "\"${SRCROOT}/Pods/Target Support Files/Pods-WDKWeiBo/Pods-WDKWeiBo-frameworks.sh\"\n";
			showEnvVarsInLog = 0;
		};
/* End PBXShellScriptBuildPhase section */

/* Begin PBXSourcesBuildPhase section */
		54C34B241E7AC4480085DF09 /* Sources */ = {
			isa = PBXSourcesBuildPhase;
			buildActionMask = 2147483647;
			files = (
				54CAB1C71EA7AD5200447C32 /* UserAccountViewModel.swift in Sources */,
				54FC9E061EA87267008793AA /* UserModel.swift in Sources */,
				545933B71EA6FAB20065B2B3 /* NetworkTools.swift in Sources */,
				545933BE1EA764C90065B2B3 /* AppConfig.swift in Sources */,
				54FC9E041EA8658F008793AA /* StatusesModel.swift in Sources */,
				54178E301E7B7300003C964E /* ProfileViewController.swift in Sources */,
				54178E281E7B72AB003C964E /* MainTabBarController.swift in Sources */,
				5425C2231E7F7FFC00759428 /* UIBarButtonItem+Extension.swift in Sources */,
				545933BB1EA75EBC0065B2B3 /* OAuthViewController.swift in Sources */,
				545933B51EA6F2760065B2B3 /* CustomPresentationController.swift in Sources */,
				5425C2251E7FA8B200759428 /* CustomTitleButton.swift in Sources */,
				54FA83051EA78CE800E09791 /* UserAccount.swift in Sources */,
				544B7BA51E9726D6000BE472 /* PopoverViewController.swift in Sources */,
				54178E6C1E7BD6DD003C964E /* BaseTableViewController.swift in Sources */,
				54178E2C1E7B72E7003C964E /* DiscoverViewController.swift in Sources */,
				54C34B2C1E7AC4480085DF09 /* AppDelegate.swift in Sources */,
				54178E2A1E7B72D3003C964E /* HomeViewController.swift in Sources */,
				54FC9E0A1EA8AE0A008793AA /* HomeTableViewCell.swift in Sources */,
				54178E6E1E7BD8B5003C964E /* VisitorView.swift in Sources */,
				54FC9E081EA8A2FE008793AA /* StatusesViewModel.swift in Sources */,
				54178E2E1E7B72F3003C964E /* MessageViewController.swift in Sources */,
				54178E471E7BB63C003C964E /* UIButton+Extension.swift in Sources */,
				54FC9E0E1EA99D3F008793AA /* PicCollection.swift in Sources */,
				5499CA8E1EA84518003A9D24 /* WelcomeViewController.swift in Sources */,
			);
			runOnlyForDeploymentPostprocessing = 0;
		};
/* End PBXSourcesBuildPhase section */

/* Begin PBXVariantGroup section */
		54C34B2F1E7AC4480085DF09 /* Main.storyboard */ = {
			isa = PBXVariantGroup;
			children = (
				54C34B301E7AC4480085DF09 /* Base */,
			);
			name = Main.storyboard;
			sourceTree = "<group>";
		};
		54C34B341E7AC4480085DF09 /* LaunchScreen.storyboard */ = {
			isa = PBXVariantGroup;
			children = (
				54C34B351E7AC4480085DF09 /* Base */,
			);
			name = LaunchScreen.storyboard;
			sourceTree = "<group>";
		};
/* End PBXVariantGroup section */

/* Begin XCBuildConfiguration section */
		54C34B381E7AC4480085DF09 /* Debug */ = {
			isa = XCBuildConfiguration;
			buildSettings = {
				ALWAYS_SEARCH_USER_PATHS = NO;
				CLANG_ANALYZER_NONNULL = YES;
				CLANG_CXX_LANGUAGE_STANDARD = "gnu++0x";
				CLANG_CXX_LIBRARY = "libc++";
				CLANG_ENABLE_MODULES = YES;
				CLANG_ENABLE_OBJC_ARC = YES;
				CLANG_WARN_BOOL_CONVERSION = YES;
				CLANG_WARN_CONSTANT_CONVERSION = YES;
				CLANG_WARN_DIRECT_OBJC_ISA_USAGE = YES_ERROR;
				CLANG_WARN_DOCUMENTATION_COMMENTS = YES;
				CLANG_WARN_EMPTY_BODY = YES;
				CLANG_WARN_ENUM_CONVERSION = YES;
				CLANG_WARN_INFINITE_RECURSION = YES;
				CLANG_WARN_INT_CONVERSION = YES;
				CLANG_WARN_OBJC_ROOT_CLASS = YES_ERROR;
				CLANG_WARN_SUSPICIOUS_MOVE = YES;
				CLANG_WARN_UNREACHABLE_CODE = YES;
				CLANG_WARN__DUPLICATE_METHOD_MATCH = YES;
				"CODE_SIGN_IDENTITY[sdk=iphoneos*]" = "iPhone Developer";
				COPY_PHASE_STRIP = NO;
				DEBUG_INFORMATION_FORMAT = dwarf;
				ENABLE_STRICT_OBJC_MSGSEND = YES;
				ENABLE_TESTABILITY = YES;
				GCC_C_LANGUAGE_STANDARD = gnu99;
				GCC_DYNAMIC_NO_PIC = NO;
				GCC_NO_COMMON_BLOCKS = YES;
				GCC_OPTIMIZATION_LEVEL = 0;
				GCC_PREPROCESSOR_DEFINITIONS = (
					"DEBUG=1",
					"$(inherited)",
				);
				GCC_WARN_64_TO_32_BIT_CONVERSION = YES;
				GCC_WARN_ABOUT_RETURN_TYPE = YES_ERROR;
				GCC_WARN_UNDECLARED_SELECTOR = YES;
				GCC_WARN_UNINITIALIZED_AUTOS = YES_AGGRESSIVE;
				GCC_WARN_UNUSED_FUNCTION = YES;
				GCC_WARN_UNUSED_VARIABLE = YES;
				IPHONEOS_DEPLOYMENT_TARGET = 10.2;
				MTL_ENABLE_DEBUG_INFO = YES;
				ONLY_ACTIVE_ARCH = YES;
				SDKROOT = iphoneos;
				SWIFT_ACTIVE_COMPILATION_CONDITIONS = DEBUG;
				SWIFT_OPTIMIZATION_LEVEL = "-Onone";
			};
			name = Debug;
		};
		54C34B391E7AC4480085DF09 /* Release */ = {
			isa = XCBuildConfiguration;
			buildSettings = {
				ALWAYS_SEARCH_USER_PATHS = NO;
				CLANG_ANALYZER_NONNULL = YES;
				CLANG_CXX_LANGUAGE_STANDARD = "gnu++0x";
				CLANG_CXX_LIBRARY = "libc++";
				CLANG_ENABLE_MODULES = YES;
				CLANG_ENABLE_OBJC_ARC = YES;
				CLANG_WARN_BOOL_CONVERSION = YES;
				CLANG_WARN_CONSTANT_CONVERSION = YES;
				CLANG_WARN_DIRECT_OBJC_ISA_USAGE = YES_ERROR;
				CLANG_WARN_DOCUMENTATION_COMMENTS = YES;
				CLANG_WARN_EMPTY_BODY = YES;
				CLANG_WARN_ENUM_CONVERSION = YES;
				CLANG_WARN_INFINITE_RECURSION = YES;
				CLANG_WARN_INT_CONVERSION = YES;
				CLANG_WARN_OBJC_ROOT_CLASS = YES_ERROR;
				CLANG_WARN_SUSPICIOUS_MOVE = YES;
				CLANG_WARN_UNREACHABLE_CODE = YES;
				CLANG_WARN__DUPLICATE_METHOD_MATCH = YES;
				"CODE_SIGN_IDENTITY[sdk=iphoneos*]" = "iPhone Developer";
				COPY_PHASE_STRIP = NO;
				DEBUG_INFORMATION_FORMAT = "dwarf-with-dsym";
				ENABLE_NS_ASSERTIONS = NO;
				ENABLE_STRICT_OBJC_MSGSEND = YES;
				GCC_C_LANGUAGE_STANDARD = gnu99;
				GCC_NO_COMMON_BLOCKS = YES;
				GCC_WARN_64_TO_32_BIT_CONVERSION = YES;
				GCC_WARN_ABOUT_RETURN_TYPE = YES_ERROR;
				GCC_WARN_UNDECLARED_SELECTOR = YES;
				GCC_WARN_UNINITIALIZED_AUTOS = YES_AGGRESSIVE;
				GCC_WARN_UNUSED_FUNCTION = YES;
				GCC_WARN_UNUSED_VARIABLE = YES;
				IPHONEOS_DEPLOYMENT_TARGET = 10.2;
				MTL_ENABLE_DEBUG_INFO = NO;
				SDKROOT = iphoneos;
				SWIFT_OPTIMIZATION_LEVEL = "-Owholemodule";
				VALIDATE_PRODUCT = YES;
			};
			name = Release;
		};
		54C34B3B1E7AC4480085DF09 /* Debug */ = {
			isa = XCBuildConfiguration;
			baseConfigurationReference = 723D33C8EA27863DD1A36131 /* Pods-WDKWeiBo.debug.xcconfig */;
			buildSettings = {
				ASSETCATALOG_COMPILER_APPICON_NAME = AppIcon;
				ASSETCATALOG_COMPILER_LAUNCHIMAGE_NAME = LaunchImage;
				"CODE_SIGN_IDENTITY[sdk=iphoneos*]" = "iPhone Developer";
				DEVELOPMENT_TEAM = 923KR76TZ3;
				INFOPLIST_FILE = WDKWeiBo/Info.plist;
				IPHONEOS_DEPLOYMENT_TARGET = 9.0;
				LD_RUNPATH_SEARCH_PATHS = "$(inherited) @executable_path/Frameworks";
				PRODUCT_BUNDLE_IDENTIFIER = com.yskj.WB;
				PRODUCT_NAME = "$(TARGET_NAME)";
				PROVISIONING_PROFILE_SPECIFIER = "";
				SWIFT_VERSION = 3.0;
				TARGETED_DEVICE_FAMILY = 1;
			};
			name = Debug;
		};
		54C34B3C1E7AC4480085DF09 /* Release */ = {
			isa = XCBuildConfiguration;
			baseConfigurationReference = B791D06112BD956405DE6A1B /* Pods-WDKWeiBo.release.xcconfig */;
			buildSettings = {
				ASSETCATALOG_COMPILER_APPICON_NAME = AppIcon;
				ASSETCATALOG_COMPILER_LAUNCHIMAGE_NAME = LaunchImage;
				"CODE_SIGN_IDENTITY[sdk=iphoneos*]" = "iPhone Developer";
				DEVELOPMENT_TEAM = 923KR76TZ3;
				INFOPLIST_FILE = WDKWeiBo/Info.plist;
				IPHONEOS_DEPLOYMENT_TARGET = 9.0;
				LD_RUNPATH_SEARCH_PATHS = "$(inherited) @executable_path/Frameworks";
				PRODUCT_BUNDLE_IDENTIFIER = com.yskj.WB;
				PRODUCT_NAME = "$(TARGET_NAME)";
				PROVISIONING_PROFILE_SPECIFIER = "";
				SWIFT_VERSION = 3.0;
				TARGETED_DEVICE_FAMILY = 1;
			};
			name = Release;
		};
/* End XCBuildConfiguration section */

/* Begin XCConfigurationList section */
		54C34B231E7AC4480085DF09 /* Build configuration list for PBXProject "WDKWeiBo" */ = {
			isa = XCConfigurationList;
			buildConfigurations = (
				54C34B381E7AC4480085DF09 /* Debug */,
				54C34B391E7AC4480085DF09 /* Release */,
			);
			defaultConfigurationIsVisible = 0;
			defaultConfigurationName = Release;
		};
		54C34B3A1E7AC4480085DF09 /* Build configuration list for PBXNativeTarget "WDKWeiBo" */ = {
			isa = XCConfigurationList;
			buildConfigurations = (
				54C34B3B1E7AC4480085DF09 /* Debug */,
				54C34B3C1E7AC4480085DF09 /* Release */,
			);
			defaultConfigurationIsVisible = 0;
			defaultConfigurationName = Release;
		};
/* End XCConfigurationList section */
	};
	rootObject = 54C34B201E7AC4480085DF09 /* Project object */;
}
